<?xml version="1.0" encoding="utf-8"?>
<Project ToolsVersion="4.0" xmlns="http://schemas.microsoft.com/developer/msbuild/2003">
  <ItemGroup>
    <Filter Include="Source Files">
      <UniqueIdentifier>{7F574423-4C99-4B04-94A9-5C99BA672AB6}</UniqueIdentifier>
      <Extensions>cpp;c;cxx;rc;def;r;odl;idl;hpj;bat</Extensions>
    </Filter>
    <Filter Include="Header Files">
      <UniqueIdentifier>{A07A243A-57F2-4FB7-977E-D7B5EFFB58D7}</UniqueIdentifier>
      <Extensions>h;hpp;hxx;hm;inl</Extensions>
    </Filter>
  </ItemGroup>
  <ItemGroup>
    <ClCompile Include="src\AdminUiCompat.cpp">
      <Filter>Source Files</Filter>
    </ClCompile>
    <ClCompile Include="..\Common\myLib\myString.cpp">
      <Filter>Source Files</Filter>
    </ClCompile>
    <ClCompile Include="..\SboCli\src\Lib\Img32.cpp">
      <Filter>Source Files</Filter>
    </ClCompile>
    <ClCompile Include="..\SboCli\src\Lib\third_party\lodepng.cpp">
      <Filter>Source Files</Filter>
    </ClCompile>
    <ClCompile Include="..\SboCli\src\MgrGrpData.cpp">
      <Filter>Source Files</Filter>
    </ClCompile>
    <ClCompile Include="src\Migrated\Wnd\ListCtrlEffectInfo.cpp">
      <Filter>Source Files</Filter>
    </ClCompile>
    <ClCompile Include="src\Migrated\Wnd\ListCtrlItemInfo.cpp">
      <Filter>Source Files</Filter>
    </ClCompile>
    <ClCompile Include="src\AdminUiModule.cpp">
      <Filter>Source Files</Filter>
    </ClCompile>
    <ClCompile Include="src\Migrated\Wnd\WndSelectGrp.cpp">
      <Filter>Source Files</Filter>
    </ClCompile>
    <ClCompile Include="src\Migrated\Wnd\WndSelectItemGrp.cpp">
      <Filter>Source Files</Filter>
    </ClCompile>
    <ClCompile Include="src\Migrated\Wnd\WndToolbar.cpp">
      <Filter>Source Files</Filter>
    </ClCompile>
    <ClCompile Include="StdAfx.cpp">
      <Filter>Source Files</Filter>
    </ClCompile>
    <ClCompile Include="src\Migrated\Dialog\DlgAdminCharModifyTypeBase.cpp">
      <Filter>Source Files</Filter>
    </ClCompile>
    <ClCompile Include="src\Migrated\Dialog\DlgAdminCharModifyTypePUTNPC.cpp">
      <Filter>Source Files</Filter>
    </ClCompile>
    <ClCompile Include="src\Migrated\Dialog\DlgAdminCharSkillNONE.cpp">
      <Filter>Source Files</Filter>
    </ClCompile>
    <ClCompile Include="src\Migrated\Dialog\DlgAdminCharSkillBase.cpp">
      <Filter>Source Files</Filter>
    </ClCompile>
    <ClCompile Include="src\Migrated\Dialog\DlgAdminCharSkillHEAL.cpp">
      <Filter>Source Files</Filter>
    </ClCompile>
    <ClCompile Include="src\Migrated\Dialog\DlgAdminCharSkillMOVEATACK.cpp">
      <Filter>Source Files</Filter>
    </ClCompile>
    <ClCompile Include="src\Migrated\Dialog\DlgAdminCharMotion.cpp">
      <Filter>Source Files</Filter>
    </ClCompile>
    <ClCompile Include="src\Migrated\Dialog\DlgAdminCharMotionList.cpp">
      <Filter>Source Files</Filter>
    </ClCompile>
    <ClCompile Include="src\Migrated\Dialog\DlgAdminCharDisableNew.cpp">
      <Filter>Source Files</Filter>
    </ClCompile>
    <ClCompile Include="src\Migrated\Dialog\DlgAdminTalkSet.cpp">
      <Filter>Source Files</Filter>
    </ClCompile>
    <ClCompile Include="src\Migrated\Dialog\DlgAdminTalkEventNONE.cpp">
      <Filter>Source Files</Filter>
    </ClCompile>
    <ClCompile Include="src\Migrated\Dialog\DlgAdminTalkEventBase.cpp">
      <Filter>Source Files</Filter>
    </ClCompile>
    <ClCompile Include="src\Migrated\Dialog\DlgAdminTalkEventMENU.cpp">
      <Filter>Source Files</Filter>
    </ClCompile>
    <ClCompile Include="src\Migrated\Dialog\DlgAdminTalkEventMENUSet.cpp">
      <Filter>Source Files</Filter>
    </ClCompile>
    <ClCompile Include="src\Migrated\Dialog\DlgAdminTalkEventMSG.cpp">
      <Filter>Source Files</Filter>
    </ClCompile>
    <ClCompile Include="src\Migrated\Dialog\DlgAdminTalkEventPAGE.cpp">
      <Filter>Source Files</Filter>
    </ClCompile>
    <ClCompile Include="src\Migrated\Dialog\DlgAdminTalkEventADDSKILL.cpp">
      <Filter>Source Files</Filter>
    </ClCompile>
    <ClCompile Include="src\Migrated\Dialog\DlgAdminTalkEventSet.cpp">
      <Filter>Source Files</Filter>
    </ClCompile>
    <ClCompile Include="src\Migrated\Dialog\DlgAdminTalkEventTab.cpp">
      <Filter>Source Files</Filter>
    </ClCompile>
    <ClCompile Include="src\Migrated\Dialog\DlgAdminItemNew.cpp">
      <Filter>Source Files</Filter>
    </ClCompile>
    <ClCompile Include="src\Migrated\Dialog\DlgAdminItemTypeNew.cpp">
      <Filter>Source Files</Filter>
    </ClCompile>
    <ClCompile Include="src\Migrated\Dialog\DlgAdminItemTypeNewARMS.cpp">
      <Filter>Source Files</Filter>
    </ClCompile>
    <ClCompile Include="src\Migrated\Dialog\DlgAdminItemTypeNewARMSBow.cpp">
      <Filter>Source Files</Filter>
    </ClCompile>
    <ClCompile Include="src\Migrated\Dialog\DlgAdminItemTypeNewHP.cpp">
      <Filter>Source Files</Filter>
    </ClCompile>
    <ClCompile Include="src\Migrated\Dialog\DlgAdminItemTypeNewLIGHT.cpp">
      <Filter>Source Files</Filter>
    </ClCompile>
    <ClCompile Include="src\Migrated\Dialog\DlgAdminItemWeaponNew.cpp">
      <Filter>Source Files</Filter>
    </ClCompile>
    <ClCompile Include="src\Migrated\Dialog\DlgAdminSelectItem.cpp">
      <Filter>Source Files</Filter>
    </ClCompile>
    <ClCompile Include="src\Migrated\Dialog\DlgAdminSelectEffect.cpp">
      <Filter>Source Files</Filter>
    </ClCompile>
    <ClCompile Include="src\Migrated\Dialog\DlgAdminMapPartsEdit.cpp">
      <Filter>Source Files</Filter>
    </ClCompile>
    <ClCompile Include="src\Migrated\Dialog\DlgAdminMapShadowEdit.cpp">
      <Filter>Source Files</Filter>
    </ClCompile>
    <ClCompile Include="src\Migrated\Dialog\DlgAdminMapObjectEdit.cpp">
      <Filter>Source Files</Filter>
    </ClCompile>
    <ClCompile Include="src\Migrated\Dialog\DlgAdminMapObjectDataEdit.cpp">
      <Filter>Source Files</Filter>
    </ClCompile>
    <ClCompile Include="src\Migrated\Dialog\DlgAdminMapEventBase.cpp">
      <Filter>Source Files</Filter>
    </ClCompile>
    <ClCompile Include="src\Migrated\Dialog\DlgAdminMapEventNONE.cpp">
      <Filter>Source Files</Filter>
    </ClCompile>
    <ClCompile Include="src\Migrated\Dialog\DlgAdminMapEventGRPIDTMP.cpp">
      <Filter>Source Files</Filter>
    </ClCompile>
    <ClCompile Include="src\Migrated\Dialog\DlgAdminMapEventINITSTATUS.cpp">
      <Filter>Source Files</Filter>
    </ClCompile>
    <ClCompile Include="src\Migrated\Dialog\DlgAdminMapEventMAPMOVE.cpp">
      <Filter>Source Files</Filter>
    </ClCompile>
    <ClCompile Include="src\Migrated\Dialog\DlgAdminMapEventMOVE.cpp">
      <Filter>Source Files</Filter>
    </ClCompile>
    <ClCompile Include="src\Migrated\Dialog\DlgAdminMapEventLIGHT.cpp">
      <Filter>Source Files</Filter>
    </ClCompile>
    <ClCompile Include="src\Migrated\Dialog\DlgAdminEfcBalloon.cpp">
      <Filter>Source Files</Filter>
    </ClCompile>
    <ClCompile Include="src\Migrated\Dialog\DlgAdminEfcEffect.cpp">
      <Filter>Source Files</Filter>
    </ClCompile>
  </ItemGroup>
  <ItemGroup>
    <ClInclude Include="StdAfx.h">
      <Filter>Header Files</Filter>
    </ClInclude>
    <ClInclude Include="include\AdminUiApi.h">
      <Filter>Header Files</Filter>
    </ClInclude>
  </ItemGroup>
</Project>

